
Microsoft Visual Studio Solution File, Format Version 12.00
# Visual Studio Version 17
VisualStudioVersion = 17.11.35312.102
MinimumVisualStudioVersion = 10.0.40219.1
Project("{FAE04EC0-301F-11D3-BF4B-00C04F79EFBC}") = "ConsoleApp1", "ConsoleApp1\ConsoleApp1.csproj", "{1810F1AD-02C4-4ADB-B68C-44BCE6B354C7}"
EndProject
Project("{FAE04EC0-301F-11D3-BF4B-00C04F79EFBC}") = "BankingSystemTests", "BankingSystemTests\BankingSystemTests.csproj", "{8E0C0996-F8D5-4A43-9DE1-A34CDA6AC52B}"
EndProject
Global
	GlobalSection(SolutionConfigurationPlatforms) = preSolution
		Debug|Any CPU = Debug|Any CPU
		Release|Any CPU = Release|Any CPU
	EndGlobalSection
	GlobalSection(ProjectConfigurationPlatforms) = postSolution
		{1810F1AD-02C4-4ADB-B68C-44BCE6B354C7}.Debug|Any CPU.ActiveCfg = Debug|Any CPU
		{1810F1AD-02C4-4ADB-B68C-44BCE6B354C7}.Debug|Any CPU.Build.0 = Debug|Any CPU
		{1810F1AD-02C4-4ADB-B68C-44BCE6B354C7}.Release|Any CPU.ActiveCfg = Release|Any CPU
		{1810F1AD-02C4-4ADB-B68C-44BCE6B354C7}.Release|Any CPU.Build.0 = Release|Any CPU
		{8E0C0996-F8D5-4A43-9DE1-A34CDA6AC52B}.Debug|Any CPU.ActiveCfg = Debug|Any CPU
		{8E0C0996-F8D5-4A43-9DE1-A34CDA6AC52B}.Debug|Any CPU.Build.0 = Debug|Any CPU
		{8E0C0996-F8D5-4A43-9DE1-A34CDA6AC52B}.Release|Any CPU.ActiveCfg = Release|Any CPU
		{8E0C0996-F8D5-4A43-9DE1-A34CDA6AC52B}.Release|Any CPU.Build.0 = Release|Any CPU
	EndGlobalSection
	GlobalSection(SolutionProperties) = preSolution
		HideSolutionNode = FALSE
	EndGlobalSection
	GlobalSection(ExtensibilityGlobals) = postSolution
		SolutionGuid = {A543CB04-1CB9-4F09-A8CD-7F45B7B3A498}
	EndGlobalSection
EndGlobal
